// !$*UTF8*$!
{
	archiveVersion = 1;
	classes = {
	};
	objectVersion = 50;
	objects = {

/* Begin PBXBuildFile section */
		632430FE24D049AD00FF6C49 /* ModuleErrorDifferentDefinitionsApp.swift in Sources */ = {isa = PBXBuildFile; fileRef = 632430D524D049AC00FF6C49 /* ModuleErrorDifferentDefinitionsApp.swift */; };
		6324310024D049AD00FF6C49 /* ContentView.swift in Sources */ = {isa = PBXBuildFile; fileRef = 632430D624D049AC00FF6C49 /* ContentView.swift */; };
		6324310224D049AD00FF6C49 /* Assets.xcassets in Resources */ = {isa = PBXBuildFile; fileRef = 632430D724D049AD00FF6C49 /* Assets.xcassets */; };
		6324311B24D049D700FF6C49 /* ModuleA.h in Headers */ = {isa = PBXBuildFile; fileRef = 6324311924D049D700FF6C49 /* ModuleA.h */; settings = {ATTRIBUTES = (Public, ); }; };
		6324311E24D049D700FF6C49 /* ModuleA.framework in Frameworks */ = {isa = PBXBuildFile; fileRef = 6324311724D049D700FF6C49 /* ModuleA.framework */; };
		6324311F24D049D700FF6C49 /* ModuleA.framework in Embed Frameworks */ = {isa = PBXBuildFile; fileRef = 6324311724D049D700FF6C49 /* ModuleA.framework */; settings = {ATTRIBUTES = (CodeSignOnCopy, RemoveHeadersOnCopy, ); }; };
		6324312D24D049FC00FF6C49 /* ModuleB.h in Headers */ = {isa = PBXBuildFile; fileRef = 6324312B24D049FC00FF6C49 /* ModuleB.h */; settings = {ATTRIBUTES = (Public, ); }; };
		6324313024D049FC00FF6C49 /* ModuleB.framework in Frameworks */ = {isa = PBXBuildFile; fileRef = 6324312924D049FC00FF6C49 /* ModuleB.framework */; };
		6324313124D049FC00FF6C49 /* ModuleB.framework in Embed Frameworks */ = {isa = PBXBuildFile; fileRef = 6324312924D049FC00FF6C49 /* ModuleB.framework */; settings = {ATTRIBUTES = (CodeSignOnCopy, RemoveHeadersOnCopy, ); }; };
		6324313624D04A2800FF6C49 /* Foo.swift in Sources */ = {isa = PBXBuildFile; fileRef = 6324313524D04A2800FF6C49 /* Foo.swift */; };
		6324313824D04AB500FF6C49 /* Foo.swift in Sources */ = {isa = PBXBuildFile; fileRef = 6324313724D04AB500FF6C49 /* Foo.swift */; };
		6324313D24D04DC000FF6C49 /* FooImportB.swift in Sources */ = {isa = PBXBuildFile; fileRef = 6324313924D04B0300FF6C49 /* FooImportB.swift */; };
		6324314024D04DF500FF6C49 /* FooImportA.swift in Sources */ = {isa = PBXBuildFile; fileRef = 6324313E24D04DF300FF6C49 /* FooImportA.swift */; };
		6324314424D0596B00FF6C49 /* README.MD in Resources */ = {isa = PBXBuildFile; fileRef = 6324314324D0596B00FF6C49 /* README.MD */; };
/* End PBXBuildFile section */

/* Begin PBXContainerItemProxy section */
		6324311C24D049D700FF6C49 /* PBXContainerItemProxy */ = {
			isa = PBXContainerItemProxy;
			containerPortal = 632430D024D049AC00FF6C49 /* Project object */;
			proxyType = 1;
			remoteGlobalIDString = 6324311624D049D700FF6C49;
			remoteInfo = ModuleA;
		};
		6324312E24D049FC00FF6C49 /* PBXContainerItemProxy */ = {
			isa = PBXContainerItemProxy;
			containerPortal = 632430D024D049AC00FF6C49 /* Project object */;
			proxyType = 1;
			remoteGlobalIDString = 6324312824D049FC00FF6C49;
			remoteInfo = ModuleB;
		};
/* End PBXContainerItemProxy section */

/* Begin PBXCopyFilesBuildPhase section */
		6324312324D049D700FF6C49 /* Embed Frameworks */ = {
			isa = PBXCopyFilesBuildPhase;
			buildActionMask = 2147483647;
			dstPath = "";
			dstSubfolderSpec = 10;
			files = (
				6324311F24D049D700FF6C49 /* ModuleA.framework in Embed Frameworks */,
				6324313124D049FC00FF6C49 /* ModuleB.framework in Embed Frameworks */,
			);
			name = "Embed Frameworks";
			runOnlyForDeploymentPostprocessing = 0;
		};
/* End PBXCopyFilesBuildPhase section */

/* Begin PBXFileReference section */
		632430D524D049AC00FF6C49 /* ModuleErrorDifferentDefinitionsApp.swift */ = {isa = PBXFileReference; lastKnownFileType = sourcecode.swift; path = ModuleErrorDifferentDefinitionsApp.swift; sourceTree = "<group>"; };
		632430D624D049AC00FF6C49 /* ContentView.swift */ = {isa = PBXFileReference; lastKnownFileType = sourcecode.swift; path = ContentView.swift; sourceTree = "<group>"; };
		632430D724D049AD00FF6C49 /* Assets.xcassets */ = {isa = PBXFileReference; lastKnownFileType = folder.assetcatalog; path = Assets.xcassets; sourceTree = "<group>"; };
		632430DC24D049AD00FF6C49 /* ModuleErrorDifferentDefinitions.app */ = {isa = PBXFileReference; explicitFileType = wrapper.application; includeInIndex = 0; path = ModuleErrorDifferentDefinitions.app; sourceTree = BUILT_PRODUCTS_DIR; };
		632430DF24D049AD00FF6C49 /* Info.plist */ = {isa = PBXFileReference; lastKnownFileType = text.plist.xml; path = Info.plist; sourceTree = "<group>"; };
		6324311724D049D700FF6C49 /* ModuleA.framework */ = {isa = PBXFileReference; explicitFileType = wrapper.framework; includeInIndex = 0; path = ModuleA.framework; sourceTree = BUILT_PRODUCTS_DIR; };
		6324311924D049D700FF6C49 /* ModuleA.h */ = {isa = PBXFileReference; lastKnownFileType = sourcecode.c.h; path = ModuleA.h; sourceTree = "<group>"; };
		6324311A24D049D700FF6C49 /* Info.plist */ = {isa = PBXFileReference; lastKnownFileType = text.plist.xml; path = Info.plist; sourceTree = "<group>"; };
		6324312924D049FC00FF6C49 /* ModuleB.framework */ = {isa = PBXFileReference; explicitFileType = wrapper.framework; includeInIndex = 0; path = ModuleB.framework; sourceTree = BUILT_PRODUCTS_DIR; };
		6324312B24D049FC00FF6C49 /* ModuleB.h */ = {isa = PBXFileReference; lastKnownFileType = sourcecode.c.h; path = ModuleB.h; sourceTree = "<group>"; };
		6324312C24D049FC00FF6C49 /* Info.plist */ = {isa = PBXFileReference; lastKnownFileType = text.plist.xml; path = Info.plist; sourceTree = "<group>"; };
		6324313524D04A2800FF6C49 /* Foo.swift */ = {isa = PBXFileReference; lastKnownFileType = sourcecode.swift; path = Foo.swift; sourceTree = "<group>"; };
		6324313724D04AB500FF6C49 /* Foo.swift */ = {isa = PBXFileReference; fileEncoding = 4; lastKnownFileType = sourcecode.swift; path = Foo.swift; sourceTree = "<group>"; };
		6324313924D04B0300FF6C49 /* FooImportB.swift */ = {isa = PBXFileReference; lastKnownFileType = sourcecode.swift; path = FooImportB.swift; sourceTree = "<group>"; };
		6324313E24D04DF300FF6C49 /* FooImportA.swift */ = {isa = PBXFileReference; lastKnownFileType = sourcecode.swift; path = FooImportA.swift; sourceTree = "<group>"; };
		6324314324D0596B00FF6C49 /* README.MD */ = {isa = PBXFileReference; lastKnownFileType = net.daringfireball.markdown; path = README.MD; sourceTree = "<group>"; };
/* End PBXFileReference section */

/* Begin PBXFrameworksBuildPhase section */
		632430D924D049AD00FF6C49 /* Frameworks */ = {
			isa = PBXFrameworksBuildPhase;
			buildActionMask = 2147483647;
			files = (
				6324311E24D049D700FF6C49 /* ModuleA.framework in Frameworks */,
				6324313024D049FC00FF6C49 /* ModuleB.framework in Frameworks */,
			);
			runOnlyForDeploymentPostprocessing = 0;
		};
		6324311424D049D700FF6C49 /* Frameworks */ = {
			isa = PBXFrameworksBuildPhase;
			buildActionMask = 2147483647;
			files = (
			);
			runOnlyForDeploymentPostprocessing = 0;
		};
		6324312624D049FC00FF6C49 /* Frameworks */ = {
			isa = PBXFrameworksBuildPhase;
			buildActionMask = 2147483647;
			files = (
			);
			runOnlyForDeploymentPostprocessing = 0;
		};
/* End PBXFrameworksBuildPhase section */

/* Begin PBXGroup section */
		632430CF24D049AC00FF6C49 = {
			isa = PBXGroup;
			children = (
				6324314324D0596B00FF6C49 /* README.MD */,
				632430D424D049AC00FF6C49 /* Shared */,
				632430DE24D049AD00FF6C49 /* iOS */,
				6324311824D049D700FF6C49 /* ModuleA */,
				6324312A24D049FC00FF6C49 /* ModuleB */,
				632430DD24D049AD00FF6C49 /* Products */,
			);
			sourceTree = "<group>";
		};
		632430D424D049AC00FF6C49 /* Shared */ = {
			isa = PBXGroup;
			children = (
				632430D524D049AC00FF6C49 /* ModuleErrorDifferentDefinitionsApp.swift */,
				632430D624D049AC00FF6C49 /* ContentView.swift */,
				632430D724D049AD00FF6C49 /* Assets.xcassets */,
				6324313E24D04DF300FF6C49 /* FooImportA.swift */,
				6324313924D04B0300FF6C49 /* FooImportB.swift */,
			);
			path = Shared;
			sourceTree = "<group>";
		};
		632430DD24D049AD00FF6C49 /* Products */ = {
			isa = PBXGroup;
			children = (
				632430DC24D049AD00FF6C49 /* ModuleErrorDifferentDefinitions.app */,
				6324311724D049D700FF6C49 /* ModuleA.framework */,
				6324312924D049FC00FF6C49 /* ModuleB.framework */,
			);
			name = Products;
			sourceTree = "<group>";
		};
		632430DE24D049AD00FF6C49 /* iOS */ = {
			isa = PBXGroup;
			children = (
				632430DF24D049AD00FF6C49 /* Info.plist */,
			);
			path = iOS;
			sourceTree = "<group>";
		};
		6324311824D049D700FF6C49 /* ModuleA */ = {
			isa = PBXGroup;
			children = (
				6324311924D049D700FF6C49 /* ModuleA.h */,
				6324311A24D049D700FF6C49 /* Info.plist */,
				6324313524D04A2800FF6C49 /* Foo.swift */,
			);
			path = ModuleA;
			sourceTree = "<group>";
		};
		6324312A24D049FC00FF6C49 /* ModuleB */ = {
			isa = PBXGroup;
			children = (
				6324312B24D049FC00FF6C49 /* ModuleB.h */,
				6324312C24D049FC00FF6C49 /* Info.plist */,
				6324313724D04AB500FF6C49 /* Foo.swift */,
			);
			path = ModuleB;
			sourceTree = "<group>";
		};
/* End PBXGroup section */

/* Begin PBXHeadersBuildPhase section */
		6324311224D049D700FF6C49 /* Headers */ = {
			isa = PBXHeadersBuildPhase;
			buildActionMask = 2147483647;
			files = (
				6324311B24D049D700FF6C49 /* ModuleA.h in Headers */,
			);
			runOnlyForDeploymentPostprocessing = 0;
		};
		6324312424D049FC00FF6C49 /* Headers */ = {
			isa = PBXHeadersBuildPhase;
			buildActionMask = 2147483647;
			files = (
				6324312D24D049FC00FF6C49 /* ModuleB.h in Headers */,
			);
			runOnlyForDeploymentPostprocessing = 0;
		};
/* End PBXHeadersBuildPhase section */

/* Begin PBXNativeTarget section */
		632430DB24D049AD00FF6C49 /* ModuleErrorDifferentDefinitions (iOS) */ = {
			isa = PBXNativeTarget;
			buildConfigurationList = 6324310624D049AD00FF6C49 /* Build configuration list for PBXNativeTarget "ModuleErrorDifferentDefinitions (iOS)" */;
			buildPhases = (
				632430D824D049AD00FF6C49 /* Sources */,
				632430D924D049AD00FF6C49 /* Frameworks */,
				632430DA24D049AD00FF6C49 /* Resources */,
				6324312324D049D700FF6C49 /* Embed Frameworks */,
			);
			buildRules = (
			);
			dependencies = (
				6324311D24D049D700FF6C49 /* PBXTargetDependency */,
				6324312F24D049FC00FF6C49 /* PBXTargetDependency */,
			);
			name = "ModuleErrorDifferentDefinitions (iOS)";
			productName = "ModuleErrorDifferentDefinitions (iOS)";
			productReference = 632430DC24D049AD00FF6C49 /* ModuleErrorDifferentDefinitions.app */;
			productType = "com.apple.product-type.application";
		};
		6324311624D049D700FF6C49 /* ModuleA */ = {
			isa = PBXNativeTarget;
			buildConfigurationList = 6324312024D049D700FF6C49 /* Build configuration list for PBXNativeTarget "ModuleA" */;
			buildPhases = (
				6324311224D049D700FF6C49 /* Headers */,
				6324311324D049D700FF6C49 /* Sources */,
				6324311424D049D700FF6C49 /* Frameworks */,
				6324311524D049D700FF6C49 /* Resources */,
			);
			buildRules = (
			);
			dependencies = (
			);
			name = ModuleA;
			productName = ModuleA;
			productReference = 6324311724D049D700FF6C49 /* ModuleA.framework */;
			productType = "com.apple.product-type.framework";
		};
		6324312824D049FC00FF6C49 /* ModuleB */ = {
			isa = PBXNativeTarget;
			buildConfigurationList = 6324313224D049FC00FF6C49 /* Build configuration list for PBXNativeTarget "ModuleB" */;
			buildPhases = (
				6324312424D049FC00FF6C49 /* Headers */,
				6324312524D049FC00FF6C49 /* Sources */,
				6324312624D049FC00FF6C49 /* Frameworks */,
				6324312724D049FC00FF6C49 /* Resources */,
			);
			buildRules = (
			);
			dependencies = (
			);
			name = ModuleB;
			productName = ModuleB;
			productReference = 6324312924D049FC00FF6C49 /* ModuleB.framework */;
			productType = "com.apple.product-type.framework";
		};
/* End PBXNativeTarget section */

/* Begin PBXProject section */
		632430D024D049AC00FF6C49 /* Project object */ = {
			isa = PBXProject;
			attributes = {
				LastSwiftUpdateCheck = 1200;
				LastUpgradeCheck = 1200;
				TargetAttributes = {
					632430DB24D049AD00FF6C49 = {
						CreatedOnToolsVersion = 12.0;
					};
					6324311624D049D700FF6C49 = {
						CreatedOnToolsVersion = 12.0;
						LastSwiftMigration = 1200;
					};
					6324312824D049FC00FF6C49 = {
						CreatedOnToolsVersion = 12.0;
						LastSwiftMigration = 1200;
					};
				};
			};
			buildConfigurationList = 632430D324D049AC00FF6C49 /* Build configuration list for PBXProject "ModuleErrorDifferentDefinitions" */;
			compatibilityVersion = "Xcode 9.3";
			developmentRegion = en;
			hasScannedForEncodings = 0;
			knownRegions = (
				en,
				Base,
			);
			mainGroup = 632430CF24D049AC00FF6C49;
			productRefGroup = 632430DD24D049AD00FF6C49 /* Products */;
			projectDirPath = "";
			projectRoot = "";
			targets = (
				632430DB24D049AD00FF6C49 /* ModuleErrorDifferentDefinitions (iOS) */,
				6324311624D049D700FF6C49 /* ModuleA */,
				6324312824D049FC00FF6C49 /* ModuleB */,
			);
		};
/* End PBXProject section */

/* Begin PBXResourcesBuildPhase section */
		632430DA24D049AD00FF6C49 /* Resources */ = {
			isa = PBXResourcesBuildPhase;
			buildActionMask = 2147483647;
			files = (
				6324314424D0596B00FF6C49 /* README.MD in Resources */,
				6324310224D049AD00FF6C49 /* Assets.xcassets in Resources */,
			);
			runOnlyForDeploymentPostprocessing = 0;
		};
		6324311524D049D700FF6C49 /* Resources */ = {
			isa = PBXResourcesBuildPhase;
			buildActionMask = 2147483647;
			files = (
			);
			runOnlyForDeploymentPostprocessing = 0;
		};
		6324312724D049FC00FF6C49 /* Resources */ = {
			isa = PBXResourcesBuildPhase;
			buildActionMask = 2147483647;
			files = (
			);
			runOnlyForDeploymentPostprocessing = 0;
		};
/* End PBXResourcesBuildPhase section */

/* Begin PBXSourcesBuildPhase section */
		632430D824D049AD00FF6C49 /* Sources */ = {
			isa = PBXSourcesBuildPhase;
			buildActionMask = 2147483647;
			files = (
				6324310024D049AD00FF6C49 /* ContentView.swift in Sources */,
				6324313D24D04DC000FF6C49 /* FooImportB.swift in Sources */,
				632430FE24D049AD00FF6C49 /* ModuleErrorDifferentDefinitionsApp.swift in Sources */,
				6324314024D04DF500FF6C49 /* FooImportA.swift in Sources */,
			);
			runOnlyForDeploymentPostprocessing = 0;
		};
		6324311324D049D700FF6C49 /* Sources */ = {
			isa = PBXSourcesBuildPhase;
			buildActionMask = 2147483647;
			files = (
				6324313624D04A2800FF6C49 /* Foo.swift in Sources */,
			);
			runOnlyForDeploymentPostprocessing = 0;
		};
		6324312524D049FC00FF6C49 /* Sources */ = {
			isa = PBXSourcesBuildPhase;
			buildActionMask = 2147483647;
			files = (
				6324313824D04AB500FF6C49 /* Foo.swift in Sources */,
			);
			runOnlyForDeploymentPostprocessing = 0;
		};
/* End PBXSourcesBuildPhase section */

/* Begin PBXTargetDependency section */
		6324311D24D049D700FF6C49 /* PBXTargetDependency */ = {
			isa = PBXTargetDependency;
			target = 6324311624D049D700FF6C49 /* ModuleA */;
			targetProxy = 6324311C24D049D700FF6C49 /* PBXContainerItemProxy */;
		};
		6324312F24D049FC00FF6C49 /* PBXTargetDependency */ = {
			isa = PBXTargetDependency;
			target = 6324312824D049FC00FF6C49 /* ModuleB */;
			targetProxy = 6324312E24D049FC00FF6C49 /* PBXContainerItemProxy */;
		};
/* End PBXTargetDependency section */

/* Begin XCBuildConfiguration section */
		6324310424D049AD00FF6C49 /* Debug */ = {
			isa = XCBuildConfiguration;
			buildSettings = {
				ALWAYS_SEARCH_USER_PATHS = NO;
				CLANG_ANALYZER_NONNULL = YES;
				CLANG_ANALYZER_NUMBER_OBJECT_CONVERSION = YES_AGGRESSIVE;
				CLANG_CXX_LANGUAGE_STANDARD = "gnu++14";
				CLANG_CXX_LIBRARY = "libc++";
				CLANG_ENABLE_MODULES = YES;
				CLANG_ENABLE_OBJC_ARC = YES;
				CLANG_ENABLE_OBJC_WEAK = YES;
				CLANG_WARN_BLOCK_CAPTURE_AUTORELEASING = YES;
				CLANG_WARN_BOOL_CONVERSION = YES;
				CLANG_WARN_COMMA = YES;
				CLANG_WARN_CONSTANT_CONVERSION = YES;
				CLANG_WARN_DEPRECATED_OBJC_IMPLEMENTATIONS = YES;
				CLANG_WARN_DIRECT_OBJC_ISA_USAGE = YES_ERROR;
				CLANG_WARN_DOCUMENTATION_COMMENTS = YES;
				CLANG_WARN_EMPTY_BODY = YES;
				CLANG_WARN_ENUM_CONVERSION = YES;
				CLANG_WARN_INFINITE_RECURSION = YES;
				CLANG_WARN_INT_CONVERSION = YES;
				CLANG_WARN_NON_LITERAL_NULL_CONVERSION = YES;
				CLANG_WARN_OBJC_IMPLICIT_RETAIN_SELF = YES;
				CLANG_WARN_OBJC_LITERAL_CONVERSION = YES;
				CLANG_WARN_OBJC_ROOT_CLASS = YES_ERROR;
				CLANG_WARN_QUOTED_INCLUDE_IN_FRAMEWORK_HEADER = YES;
				CLANG_WARN_RANGE_LOOP_ANALYSIS = YES;
				CLANG_WARN_STRICT_PROTOTYPES = YES;
				CLANG_WARN_SUSPICIOUS_MOVE = YES;
				CLANG_WARN_UNGUARDED_AVAILABILITY = YES_AGGRESSIVE;
				CLANG_WARN_UNREACHABLE_CODE = YES;
				CLANG_WARN__DUPLICATE_METHOD_MATCH = YES;
				COPY_PHASE_STRIP = NO;
				DEBUG_INFORMATION_FORMAT = dwarf;
				ENABLE_STRICT_OBJC_MSGSEND = YES;
				ENABLE_TESTABILITY = YES;
				GCC_C_LANGUAGE_STANDARD = gnu11;
				GCC_DYNAMIC_NO_PIC = NO;
				GCC_NO_COMMON_BLOCKS = YES;
				GCC_OPTIMIZATION_LEVEL = 0;
				GCC_PREPROCESSOR_DEFINITIONS = (
					"DEBUG=1",
					"$(inherited)",
				);
				GCC_WARN_64_TO_32_BIT_CONVERSION = YES;
				GCC_WARN_ABOUT_RETURN_TYPE = YES_ERROR;
				GCC_WARN_UNDECLARED_SELECTOR = YES;
				GCC_WARN_UNINITIALIZED_AUTOS = YES_AGGRESSIVE;
				GCC_WARN_UNUSED_FUNCTION = YES;
				GCC_WARN_UNUSED_VARIABLE = YES;
				MTL_ENABLE_DEBUG_INFO = INCLUDE_SOURCE;
				MTL_FAST_MATH = YES;
				ONLY_ACTIVE_ARCH = YES;
				SWIFT_ACTIVE_COMPILATION_CONDITIONS = DEBUG;
				SWIFT_OPTIMIZATION_LEVEL = "-Onone";
			};
			name = Debug;
		};
		6324310524D049AD00FF6C49 /* Release */ = {
			isa = XCBuildConfiguration;
			buildSettings = {
				ALWAYS_SEARCH_USER_PATHS = NO;
				CLANG_ANALYZER_NONNULL = YES;
				CLANG_ANALYZER_NUMBER_OBJECT_CONVERSION = YES_AGGRESSIVE;
				CLANG_CXX_LANGUAGE_STANDARD = "gnu++14";
				CLANG_CXX_LIBRARY = "libc++";
				CLANG_ENABLE_MODULES = YES;
				CLANG_ENABLE_OBJC_ARC = YES;
				CLANG_ENABLE_OBJC_WEAK = YES;
				CLANG_WARN_BLOCK_CAPTURE_AUTORELEASING = YES;
				CLANG_WARN_BOOL_CONVERSION = YES;
				CLANG_WARN_COMMA = YES;
				CLANG_WARN_CONSTANT_CONVERSION = YES;
				CLANG_WARN_DEPRECATED_OBJC_IMPLEMENTATIONS = YES;
				CLANG_WARN_DIRECT_OBJC_ISA_USAGE = YES_ERROR;
				CLANG_WARN_DOCUMENTATION_COMMENTS = YES;
				CLANG_WARN_EMPTY_BODY = YES;
				CLANG_WARN_ENUM_CONVERSION = YES;
				CLANG_WARN_INFINITE_RECURSION = YES;
				CLANG_WARN_INT_CONVERSION = YES;
				CLANG_WARN_NON_LITERAL_NULL_CONVERSION = YES;
				CLANG_WARN_OBJC_IMPLICIT_RETAIN_SELF = YES;
				CLANG_WARN_OBJC_LITERAL_CONVERSION = YES;
				CLANG_WARN_OBJC_ROOT_CLASS = YES_ERROR;
				CLANG_WARN_QUOTED_INCLUDE_IN_FRAMEWORK_HEADER = YES;
				CLANG_WARN_RANGE_LOOP_ANALYSIS = YES;
				CLANG_WARN_STRICT_PROTOTYPES = YES;
				CLANG_WARN_SUSPICIOUS_MOVE = YES;
				CLANG_WARN_UNGUARDED_AVAILABILITY = YES_AGGRESSIVE;
				CLANG_WARN_UNREACHABLE_CODE = YES;
				CLANG_WARN__DUPLICATE_METHOD_MATCH = YES;
				COPY_PHASE_STRIP = NO;
				DEBUG_INFORMATION_FORMAT = "dwarf-with-dsym";
				ENABLE_NS_ASSERTIONS = NO;
				ENABLE_STRICT_OBJC_MSGSEND = YES;
				GCC_C_LANGUAGE_STANDARD = gnu11;
				GCC_NO_COMMON_BLOCKS = YES;
				GCC_WARN_64_TO_32_BIT_CONVERSION = YES;
				GCC_WARN_ABOUT_RETURN_TYPE = YES_ERROR;
				GCC_WARN_UNDECLARED_SELECTOR = YES;
				GCC_WARN_UNINITIALIZED_AUTOS = YES_AGGRESSIVE;
				GCC_WARN_UNUSED_FUNCTION = YES;
				GCC_WARN_UNUSED_VARIABLE = YES;
				MTL_ENABLE_DEBUG_INFO = NO;
				MTL_FAST_MATH = YES;
				SWIFT_COMPILATION_MODE = wholemodule;
				SWIFT_OPTIMIZATION_LEVEL = "-O";
			};
			name = Release;
		};
		6324310724D049AD00FF6C49 /* Debug */ = {
			isa = XCBuildConfiguration;
			buildSettings = {
				ALWAYS_EMBED_SWIFT_STANDARD_LIBRARIES = YES;
				ASSETCATALOG_COMPILER_APPICON_NAME = AppIcon;
				ASSETCATALOG_COMPILER_GLOBAL_ACCENT_COLOR_NAME = AccentColor;
				CODE_SIGN_STYLE = Automatic;
				DEVELOPMENT_TEAM = HV88ACAAR6;
				ENABLE_PREVIEWS = YES;
				INFOPLIST_FILE = iOS/Info.plist;
				IPHONEOS_DEPLOYMENT_TARGET = 14.0;
				LD_RUNPATH_SEARCH_PATHS = (
					"$(inherited)",
					"@executable_path/Frameworks",
				);
				PRODUCT_BUNDLE_IDENTIFIER = com.crazyfan.ModuleErrorDifferentDefinitions;
				PRODUCT_NAME = ModuleErrorDifferentDefinitions;
				SDKROOT = iphoneos;
				SWIFT_VERSION = 5.0;
				TARGETED_DEVICE_FAMILY = "1,2";
			};
			name = Debug;
		};
		6324310824D049AD00FF6C49 /* Release */ = {
			isa = XCBuildConfiguration;
			buildSettings = {
				ALWAYS_EMBED_SWIFT_STANDARD_LIBRARIES = YES;
				ASSETCATALOG_COMPILER_APPICON_NAME = AppIcon;
				ASSETCATALOG_COMPILER_GLOBAL_ACCENT_COLOR_NAME = AccentColor;
				CODE_SIGN_STYLE = Automatic;
				DEVELOPMENT_TEAM = HV88ACAAR6;
				ENABLE_PREVIEWS = YES;
				INFOPLIST_FILE = iOS/Info.plist;
				IPHONEOS_DEPLOYMENT_TARGET = 14.0;
				LD_RUNPATH_SEARCH_PATHS = (
					"$(inherited)",
					"@executable_path/Frameworks",
				);
				PRODUCT_BUNDLE_IDENTIFIER = com.crazyfan.ModuleErrorDifferentDefinitions;
				PRODUCT_NAME = ModuleErrorDifferentDefinitions;
				SDKROOT = iphoneos;
				SWIFT_VERSION = 5.0;
				TARGETED_DEVICE_FAMILY = "1,2";
				VALIDATE_PRODUCT = YES;
			};
			name = Release;
		};
		6324312124D049D700FF6C49 /* Debug */ = {
			isa = XCBuildConfiguration;
			buildSettings = {
				CLANG_ENABLE_MODULES = YES;
				CODE_SIGN_STYLE = Automatic;
				CURRENT_PROJECT_VERSION = 1;
				DEFINES_MODULE = YES;
				DEVELOPMENT_TEAM = HV88ACAAR6;
				DYLIB_COMPATIBILITY_VERSION = 1;
				DYLIB_CURRENT_VERSION = 1;
				DYLIB_INSTALL_NAME_BASE = "@rpath";
				INFOPLIST_FILE = ModuleA/Info.plist;
				INSTALL_PATH = "$(LOCAL_LIBRARY_DIR)/Frameworks";
				IPHONEOS_DEPLOYMENT_TARGET = 14.0;
				LD_RUNPATH_SEARCH_PATHS = (
					"$(inherited)",
					"@executable_path/Frameworks",
					"@loader_path/Frameworks",
				);
				MACH_O_TYPE = staticlib;
				PRODUCT_BUNDLE_IDENTIFIER = com.crazyfan.ModuleA;
				PRODUCT_NAME = "$(TARGET_NAME:c99extidentifier)";
				SDKROOT = iphoneos;
				SKIP_INSTALL = YES;
				SWIFT_OPTIMIZATION_LEVEL = "-Onone";
				SWIFT_VERSION = 5.0;
				TARGETED_DEVICE_FAMILY = "1,2";
				VERSIONING_SYSTEM = "apple-generic";
				VERSION_INFO_PREFIX = "";
			};
			name = Debug;
		};
		6324312224D049D700FF6C49 /* Release */ = {
			isa = XCBuildConfiguration;
			buildSettings = {
				CLANG_ENABLE_MODULES = YES;
				CODE_SIGN_STYLE = Automatic;
				CURRENT_PROJECT_VERSION = 1;
				DEFINES_MODULE = YES;
				DEVELOPMENT_TEAM = HV88ACAAR6;
				DYLIB_COMPATIBILITY_VERSION = 1;
				DYLIB_CURRENT_VERSION = 1;
				DYLIB_INSTALL_NAME_BASE = "@rpath";
				INFOPLIST_FILE = ModuleA/Info.plist;
				INSTALL_PATH = "$(LOCAL_LIBRARY_DIR)/Frameworks";
				IPHONEOS_DEPLOYMENT_TARGET = 14.0;
				LD_RUNPATH_SEARCH_PATHS = (
					"$(inherited)",
					"@executable_path/Frameworks",
					"@loader_path/Frameworks",
				);
				MACH_O_TYPE = staticlib;
				PRODUCT_BUNDLE_IDENTIFIER = com.crazyfan.ModuleA;
				PRODUCT_NAME = "$(TARGET_NAME:c99extidentifier)";
				SDKROOT = iphoneos;
				SKIP_INSTALL = YES;
				SWIFT_VERSION = 5.0;
				TARGETED_DEVICE_FAMILY = "1,2";
				VALIDATE_PRODUCT = YES;
				VERSIONING_SYSTEM = "apple-generic";
				VERSION_INFO_PREFIX = "";
			};
			name = Release;
		};
		6324313324D049FC00FF6C49 /* Debug */ = {
			isa = XCBuildConfiguration;
			buildSettings = {
				CLANG_ENABLE_MODULES = YES;
				CODE_SIGN_STYLE = Automatic;
				CURRENT_PROJECT_VERSION = 1;
				DEFINES_MODULE = YES;
				DEVELOPMENT_TEAM = HV88ACAAR6;
				DYLIB_COMPATIBILITY_VERSION = 1;
				DYLIB_CURRENT_VERSION = 1;
				DYLIB_INSTALL_NAME_BASE = "@rpath";
				INFOPLIST_FILE = ModuleB/Info.plist;
				INSTALL_PATH = "$(LOCAL_LIBRARY_DIR)/Frameworks";
				IPHONEOS_DEPLOYMENT_TARGET = 14.0;
				LD_RUNPATH_SEARCH_PATHS = (
					"$(inherited)",
					"@executable_path/Frameworks",
					"@loader_path/Frameworks",
				);
				MACH_O_TYPE = staticlib;
				PRODUCT_BUNDLE_IDENTIFIER = com.crazyfan.ModuleB;
				PRODUCT_NAME = "$(TARGET_NAME:c99extidentifier)";
				SDKROOT = iphoneos;
				SKIP_INSTALL = YES;
				SWIFT_OPTIMIZATION_LEVEL = "-Onone";
				SWIFT_VERSION = 5.0;
				TARGETED_DEVICE_FAMILY = "1,2";
				VERSIONING_SYSTEM = "apple-generic";
				VERSION_INFO_PREFIX = "";
			};
			name = Debug;
		};
		6324313424D049FC00FF6C49 /* Release */ = {
			isa = XCBuildConfiguration;
			buildSettings = {
				CLANG_ENABLE_MODULES = YES;
				CODE_SIGN_STYLE = Automatic;
				CURRENT_PROJECT_VERSION = 1;
				DEFINES_MODULE = YES;
				DEVELOPMENT_TEAM = HV88ACAAR6;
				DYLIB_COMPATIBILITY_VERSION = 1;
				DYLIB_CURRENT_VERSION = 1;
				DYLIB_INSTALL_NAME_BASE = "@rpath";
				INFOPLIST_FILE = ModuleB/Info.plist;
				INSTALL_PATH = "$(LOCAL_LIBRARY_DIR)/Frameworks";
				IPHONEOS_DEPLOYMENT_TARGET = 14.0;
				LD_RUNPATH_SEARCH_PATHS = (
					"$(inherited)",
					"@executable_path/Frameworks",
					"@loader_path/Frameworks",
				);
				MACH_O_TYPE = staticlib;
				PRODUCT_BUNDLE_IDENTIFIER = com.crazyfan.ModuleB;
				PRODUCT_NAME = "$(TARGET_NAME:c99extidentifier)";
				SDKROOT = iphoneos;
				SKIP_INSTALL = YES;
				SWIFT_VERSION = 5.0;
				TARGETED_DEVICE_FAMILY = "1,2";
				VALIDATE_PRODUCT = YES;
				VERSIONING_SYSTEM = "apple-generic";
				VERSION_INFO_PREFIX = "";
			};
			name = Release;
		};
/* End XCBuildConfiguration section */

/* Begin XCConfigurationList section */
		632430D324D049AC00FF6C49 /* Build configuration list for PBXProject "ModuleErrorDifferentDefinitions" */ = {
			isa = XCConfigurationList;
			buildConfigurations = (
				6324310424D049AD00FF6C49 /* Debug */,
				6324310524D049AD00FF6C49 /* Release */,
			);
			defaultConfigurationIsVisible = 0;
			defaultConfigurationName = Release;
		};
		6324310624D049AD00FF6C49 /* Build configuration list for PBXNativeTarget "ModuleErrorDifferentDefinitions (iOS)" */ = {
			isa = XCConfigurationList;
			buildConfigurations = (
				6324310724D049AD00FF6C49 /* Debug */,
				6324310824D049AD00FF6C49 /* Release */,
			);
			defaultConfigurationIsVisible = 0;
			defaultConfigurationName = Release;
		};
		6324312024D049D700FF6C49 /* Build configuration list for PBXNativeTarget "ModuleA" */ = {
			isa = XCConfigurationList;
			buildConfigurations = (
				6324312124D049D700FF6C49 /* Debug */,
				6324312224D049D700FF6C49 /* Release */,
			);
			defaultConfigurationIsVisible = 0;
			defaultConfigurationName = Release;
		};
		6324313224D049FC00FF6C49 /* Build configuration list for PBXNativeTarget "ModuleB" */ = {
			isa = XCConfigurationList;
			buildConfigurations = (
				6324313324D049FC00FF6C49 /* Debug */,
				6324313424D049FC00FF6C49 /* Release */,
			);
			defaultConfigurationIsVisible = 0;
			defaultConfigurationName = Release;
		};
/* End XCConfigurationList section */
	};
	rootObject = 632430D024D049AC00FF6C49 /* Project object */;
}
